
Microsoft Visual Studio Solution File, Format Version 12.00
# Visual Studio Version 16
VisualStudioVersion = 16.0.31112.23
MinimumVisualStudioVersion = 10.0.40219.1
Project("{FAE04EC0-301F-11D3-BF4B-00C04F79EFBC}") = "Day6", "Day6\Day6.csproj", "{E3AACDBB-81DF-43AB-8122-AA2182792A51}"
EndProject
Global
	GlobalSection(SolutionConfigurationPlatforms) = preSolution
		Debug|Any CPU = Debug|Any CPU
		Release|Any CPU = Release|Any CPU
	EndGlobalSection
	GlobalSection(ProjectConfigurationPlatforms) = postSolution
		{E3AACDBB-81DF-43AB-8122-AA2182792A51}.Debug|Any CPU.ActiveCfg = Debug|Any CPU
		{E3AACDBB-81DF-43AB-8122-AA2182792A51}.Debug|Any CPU.Build.0 = Debug|Any CPU
		{E3AACDBB-81DF-43AB-8122-AA2182792A51}.Release|Any CPU.ActiveCfg = Release|Any CPU
		{E3AACDBB-81DF-43AB-8122-AA2182792A51}.Release|Any CPU.Build.0 = Release|Any CPU
	EndGlobalSection
	GlobalSection(SolutionProperties) = preSolution
		HideSolutionNode = FALSE
	EndGlobalSection
	GlobalSection(ExtensibilityGlobals) = postSolution
		SolutionGuid = {C66A91BC-F68D-401E-83BD-62F5695DADB6}
	EndGlobalSection
EndGlobal
